
Microsoft Visual Studio Solution File, Format Version 12.00
# Visual Studio Version 17
VisualStudioVersion = 17.7.34202.233
MinimumVisualStudioVersion = 10.0.40219.1
Project("{9A19103F-16F7-4668-BE54-9A1E7A4F7556}") = "Basic Programs", "Basic Programs\Basic Programs.csproj", "{DDB361AE-4EB7-437F-8CAA-5CEBB8559A40}"
EndProject
Project("{9A19103F-16F7-4668-BE54-9A1E7A4F7556}") = "Assignments", "Assignments\Assignments.csproj", "{37080CA9-3521-4EA9-B5AA-02B258F30976}"
EndProject
Project("{9A19103F-16F7-4668-BE54-9A1E7A4F7556}") = "Case Study", "Case Study\Case Study.csproj", "{0DF1F8EF-BB50-4D6A-98FC-D077E326EAA2}"
EndProject
Project("{9A19103F-16F7-4668-BE54-9A1E7A4F7556}") = "LINQExample", "LINQExample\LINQExample.csproj", "{411DE71B-11C3-47A9-9EB2-76283E4EBE1A}"
EndProject
Project("{FAE04EC0-301F-11D3-BF4B-00C04F79EFBC}") = "ThreadExample", "ThreadExample\ThreadExample.csproj", "{7B8A2644-5FC6-43D6-A843-08099945E8AE}"
EndProject
Global
	GlobalSection(SolutionConfigurationPlatforms) = preSolution
		Debug|Any CPU = Debug|Any CPU
		Release|Any CPU = Release|Any CPU
	EndGlobalSection
	GlobalSection(ProjectConfigurationPlatforms) = postSolution
		{DDB361AE-4EB7-437F-8CAA-5CEBB8559A40}.Debug|Any CPU.ActiveCfg = Debug|Any CPU
		{DDB361AE-4EB7-437F-8CAA-5CEBB8559A40}.Debug|Any CPU.Build.0 = Debug|Any CPU
		{DDB361AE-4EB7-437F-8CAA-5CEBB8559A40}.Release|Any CPU.ActiveCfg = Release|Any CPU
		{DDB361AE-4EB7-437F-8CAA-5CEBB8559A40}.Release|Any CPU.Build.0 = Release|Any CPU
		{37080CA9-3521-4EA9-B5AA-02B258F30976}.Debug|Any CPU.ActiveCfg = Debug|Any CPU
		{37080CA9-3521-4EA9-B5AA-02B258F30976}.Debug|Any CPU.Build.0 = Debug|Any CPU
		{37080CA9-3521-4EA9-B5AA-02B258F30976}.Release|Any CPU.ActiveCfg = Release|Any CPU
		{37080CA9-3521-4EA9-B5AA-02B258F30976}.Release|Any CPU.Build.0 = Release|Any CPU
		{0DF1F8EF-BB50-4D6A-98FC-D077E326EAA2}.Debug|Any CPU.ActiveCfg = Debug|Any CPU
		{0DF1F8EF-BB50-4D6A-98FC-D077E326EAA2}.Debug|Any CPU.Build.0 = Debug|Any CPU
		{0DF1F8EF-BB50-4D6A-98FC-D077E326EAA2}.Release|Any CPU.ActiveCfg = Release|Any CPU
		{0DF1F8EF-BB50-4D6A-98FC-D077E326EAA2}.Release|Any CPU.Build.0 = Release|Any CPU
		{411DE71B-11C3-47A9-9EB2-76283E4EBE1A}.Debug|Any CPU.ActiveCfg = Debug|Any CPU
		{411DE71B-11C3-47A9-9EB2-76283E4EBE1A}.Debug|Any CPU.Build.0 = Debug|Any CPU
		{411DE71B-11C3-47A9-9EB2-76283E4EBE1A}.Release|Any CPU.ActiveCfg = Release|Any CPU
		{411DE71B-11C3-47A9-9EB2-76283E4EBE1A}.Release|Any CPU.Build.0 = Release|Any CPU
		{7B8A2644-5FC6-43D6-A843-08099945E8AE}.Debug|Any CPU.ActiveCfg = Debug|Any CPU
		{7B8A2644-5FC6-43D6-A843-08099945E8AE}.Debug|Any CPU.Build.0 = Debug|Any CPU
		{7B8A2644-5FC6-43D6-A843-08099945E8AE}.Release|Any CPU.ActiveCfg = Release|Any CPU
		{7B8A2644-5FC6-43D6-A843-08099945E8AE}.Release|Any CPU.Build.0 = Release|Any CPU
	EndGlobalSection
	GlobalSection(SolutionProperties) = preSolution
		HideSolutionNode = FALSE
	EndGlobalSection
	GlobalSection(ExtensibilityGlobals) = postSolution
		SolutionGuid = {A9425A70-7899-413A-804C-4F88BA9C02AE}
	EndGlobalSection
EndGlobal
